{
  "version": 4,
  "terraform_version": "1.6.0",
  "serial": 1,
  "lineage": "84745207-f23f-73cc-0a84-e0c947258160",
  "outputs": {},
  "resources": [
    {
      "mode": "managed",
      "type": "local_file",
      "name": "demo",
      "provider": "provider[\"registry.terraform.io/hashicorp/local\"]",
      "instances": [
        {
          "schema_version": 0,
          "attributes": {
            "content": "Hello from Terraform via GitHub Actions!",
            "content_base64": null,
            "content_base64sha256": "ruqPVipPNEqrpgRC5kxzIs6YxJZavB2Du/hn/6JPu7c=",
            "content_base64sha512": "QZBbX54dkCWjfRJgInpv0dYqR6FT43PDqPkv8fhuH/ktDvlJ62FOWjoZQ6fxl4xZA73n9OfnoVIDqHUkyGw53w==",
            "content_md5": "5d06f778c4aa27adf70f05db86d1808f",
            "content_sha1": "56be4b127b2be1cce135232edb8722af0b6c4163",
            "content_sha256": "aeea8f562a4f344aaba60442e64c7322ce98c4965abc1d83bbf867ffa24fbbb7",
            "content_sha512": "41905b5f9e1d9025a37d1260227a6fd1d62a47a153e373c3a8f92ff1f86e1ff92d0ef949eb614e5a3a1943a7f1978c5903bde7f4e7e7a15203a87524c86c39df",
            "directory_permission": "0777",
            "file_permission": "0777",
            "filename": "hello.txt",
            "id": "56be4b127b2be1cce135232edb8722af0b6c4163",
            "sensitive_content": null,
            "source": null
          },
          "sensitive_attributes": []
        }
      ]
    }
  ],
  "check_results": null
}
